
Microsoft Visual Studio Solution File, Format Version 12.00
# Visual Studio 14
VisualStudioVersion = 14.0.24720.0
MinimumVisualStudioVersion = 10.0.40219.1
Project("{FAE04EC0-301F-11D3-BF4B-00C04F79EFBC}") = "Carrot", "Carrot\Carrot.csproj", "{77A77AEA-265A-4852-93EA-B1F9D78D77EC}"
	ProjectSection(ProjectDependencies) = postProject
		{73DCC953-4830-4C26-8B3D-E6FFF724CD0E} = {73DCC953-4830-4C26-8B3D-E6FFF724CD0E}
	EndProjectSection
EndProject
Project("{FAE04EC0-301F-11D3-BF4B-00C04F79EFBC}") = "Carrot.Contracts", "Carrot.Contracts\Carrot.Contracts.csproj", "{B16EC54A-A914-4BF7-9821-21FD21545D5A}"
EndProject
Project("{FAE04EC0-301F-11D3-BF4B-00C04F79EFBC}") = "Carrot.Parts", "Carrot.Parts\Carrot.Parts.csproj", "{73DCC953-4830-4C26-8B3D-E6FFF724CD0E}"
EndProject
Project("{FAE04EC0-301F-11D3-BF4B-00C04F79EFBC}") = "Carrot.ComposedApplication", "Carrot.ComposedApplication\Carrot.ComposedApplication.csproj", "{7B75B0D5-DDD2-422B-AAC3-B0F491DCDA2B}"
EndProject
Project("{FAE04EC0-301F-11D3-BF4B-00C04F79EFBC}") = "Carrot.Install", "Carrot.Install\Carrot.Install.csproj", "{C5A7FD33-7438-43F0-A55F-77E1707C9E76}"
EndProject
Global
	GlobalSection(SolutionConfigurationPlatforms) = preSolution
		Debug|Any CPU = Debug|Any CPU
		Release|Any CPU = Release|Any CPU
	EndGlobalSection
	GlobalSection(ProjectConfigurationPlatforms) = postSolution
		{77A77AEA-265A-4852-93EA-B1F9D78D77EC}.Debug|Any CPU.ActiveCfg = Debug|Any CPU
		{77A77AEA-265A-4852-93EA-B1F9D78D77EC}.Debug|Any CPU.Build.0 = Debug|Any CPU
		{77A77AEA-265A-4852-93EA-B1F9D78D77EC}.Release|Any CPU.ActiveCfg = Release|Any CPU
		{77A77AEA-265A-4852-93EA-B1F9D78D77EC}.Release|Any CPU.Build.0 = Release|Any CPU
		{B16EC54A-A914-4BF7-9821-21FD21545D5A}.Debug|Any CPU.ActiveCfg = Debug|Any CPU
		{B16EC54A-A914-4BF7-9821-21FD21545D5A}.Debug|Any CPU.Build.0 = Debug|Any CPU
		{B16EC54A-A914-4BF7-9821-21FD21545D5A}.Release|Any CPU.ActiveCfg = Release|Any CPU
		{B16EC54A-A914-4BF7-9821-21FD21545D5A}.Release|Any CPU.Build.0 = Release|Any CPU
		{73DCC953-4830-4C26-8B3D-E6FFF724CD0E}.Debug|Any CPU.ActiveCfg = Debug|Any CPU
		{73DCC953-4830-4C26-8B3D-E6FFF724CD0E}.Debug|Any CPU.Build.0 = Debug|Any CPU
		{73DCC953-4830-4C26-8B3D-E6FFF724CD0E}.Release|Any CPU.ActiveCfg = Release|Any CPU
		{73DCC953-4830-4C26-8B3D-E6FFF724CD0E}.Release|Any CPU.Build.0 = Release|Any CPU
		{7B75B0D5-DDD2-422B-AAC3-B0F491DCDA2B}.Debug|Any CPU.ActiveCfg = Debug|Any CPU
		{7B75B0D5-DDD2-422B-AAC3-B0F491DCDA2B}.Debug|Any CPU.Build.0 = Debug|Any CPU
		{7B75B0D5-DDD2-422B-AAC3-B0F491DCDA2B}.Release|Any CPU.ActiveCfg = Release|Any CPU
		{7B75B0D5-DDD2-422B-AAC3-B0F491DCDA2B}.Release|Any CPU.Build.0 = Release|Any CPU
		{C5A7FD33-7438-43F0-A55F-77E1707C9E76}.Debug|Any CPU.ActiveCfg = Debug|Any CPU
		{C5A7FD33-7438-43F0-A55F-77E1707C9E76}.Debug|Any CPU.Build.0 = Debug|Any CPU
		{C5A7FD33-7438-43F0-A55F-77E1707C9E76}.Release|Any CPU.ActiveCfg = Release|Any CPU
		{C5A7FD33-7438-43F0-A55F-77E1707C9E76}.Release|Any CPU.Build.0 = Release|Any CPU
	EndGlobalSection
	GlobalSection(SolutionProperties) = preSolution
		HideSolutionNode = FALSE
	EndGlobalSection
EndGlobal
